{
  "name": "intervals-icu-scripts",
  "lockfileVersion": 3,
  "requires": true,
  "packages": {
    "": {
      "dependencies": {
        "@intervals-icu/js-data-model": "^1.0.3"
      }
    },
    "node_modules/@intervals-icu/js-data-model": {
      "version": "1.0.3",
      "resolved": "https://registry.npmjs.org/@intervals-icu/js-data-model/-/js-data-model-1.0.3.tgz",
      "integrity": "sha512-2gbDnIsfxZ6wyuKd7qOIEgY5RZ4mWUnBuBp5iKxr6+JUxdVNqelgBSLEwgonsu5PeqrYZgvn2DOMrCeU28oCkQ=="
    }
  }
}
